<?xml version="1.0" encoding="utf-8"?>
<Project ToolsVersion="4.0" xmlns="http://schemas.microsoft.com/developer/msbuild/2003">
  <ItemGroup>
    <Filter Include="소스 파일">
      <UniqueIdentifier>{4FC737F1-C7A5-4376-A066-2A32D752A2FF}</UniqueIdentifier>
      <Extensions>cpp;c;cc;cxx;def;odl;idl;hpj;bat;asm;asmx</Extensions>
    </Filter>
    <Filter Include="헤더 파일">
      <UniqueIdentifier>{93995380-89BD-4b04-88EB-625FBE52EBFB}</UniqueIdentifier>
      <Extensions>h;hh;hpp;hxx;hm;inl;inc;xsd</Extensions>
    </Filter>
    <Filter Include="리소스 파일">
      <UniqueIdentifier>{67DA6AB6-F800-4c08-8B7A-83BB121AAD01}</UniqueIdentifier>
      <Extensions>rc;ico;cur;bmp;dlg;rc2;rct;bin;rgs;gif;jpg;jpeg;jpe;resx;tiff;tif;png;wav;mfcribbon-ms</Extensions>
    </Filter>
    <Filter Include="리소스 파일\trained_model">
      <UniqueIdentifier>{7fceadd8-6adf-4b3d-8542-9967f685d77a}</UniqueIdentifier>
    </Filter>
  </ItemGroup>
  <ItemGroup>
    <ClInclude Include="headers\YoloLayer.h">
      <Filter>헤더 파일</Filter>
    </ClInclude>
    <ClInclude Include="headers\UpsampleLayer.h">
      <Filter>헤더 파일</Filter>
    </ClInclude>
    <ClInclude Include="headers\TrtNetwork.h">
      <Filter>헤더 파일</Filter>
    </ClInclude>
    <ClInclude Include="headers\PluginFactory.h">
      <Filter>헤더 파일</Filter>
    </ClInclude>
    <ClInclude Include="logger.h">
      <Filter>헤더 파일</Filter>
    </ClInclude>
    <ClInclude Include="logging.h">
      <Filter>헤더 파일</Filter>
    </ClInclude>
    <ClInclude Include="parse\connect_parts.hpp">
      <Filter>헤더 파일</Filter>
    </ClInclude>
    <ClInclude Include="parse\find_peaks.hpp">
      <Filter>헤더 파일</Filter>
    </ClInclude>
    <ClInclude Include="parse\munkres.hpp">
      <Filter>헤더 파일</Filter>
    </ClInclude>
    <ClInclude Include="parse\paf_score_graph.hpp">
      <Filter>헤더 파일</Filter>
    </ClInclude>
    <ClInclude Include="parse\refine_peaks.hpp">
      <Filter>헤더 파일</Filter>
    </ClInclude>
    <ClInclude Include="parse\utils\CoverTable.hpp">
      <Filter>헤더 파일</Filter>
    </ClInclude>
    <ClInclude Include="parse\utils\PairGraph.hpp">
      <Filter>헤더 파일</Filter>
    </ClInclude>
    <ClInclude Include="Openpose.h">
      <Filter>헤더 파일</Filter>
    </ClInclude>
    <ClInclude Include="TensorrtPoseNet.h">
      <Filter>헤더 파일</Filter>
    </ClInclude>
    <ClInclude Include="E:\Projects\trt_pose-master\trt_pose\parse\connect_parts.hpp">
      <Filter>헤더 파일</Filter>
    </ClInclude>
    <ClInclude Include="E:\Projects\trt_pose-master\trt_pose\parse\find_peaks.hpp">
      <Filter>헤더 파일</Filter>
    </ClInclude>
    <ClInclude Include="E:\Projects\trt_pose-master\trt_pose\parse\munkres.hpp">
      <Filter>헤더 파일</Filter>
    </ClInclude>
    <ClInclude Include="E:\Projects\trt_pose-master\trt_pose\parse\paf_score_graph.hpp">
      <Filter>헤더 파일</Filter>
    </ClInclude>
    <ClInclude Include="E:\Projects\trt_pose-master\trt_pose\parse\refine_peaks.hpp">
      <Filter>헤더 파일</Filter>
    </ClInclude>
    <ClInclude Include="E:\Projects\trt_pose-master\trt_pose\parse\utils\CoverTable.hpp">
      <Filter>헤더 파일</Filter>
    </ClInclude>
    <ClInclude Include="E:\Projects\trt_pose-master\trt_pose\parse\utils\PairGraph.hpp">
      <Filter>헤더 파일</Filter>
    </ClInclude>
    <ClInclude Include="resize.h">
      <Filter>헤더 파일</Filter>
    </ClInclude>
  </ItemGroup>
  <ItemGroup>
    <ClCompile Include="main.cpp">
      <Filter>소스 파일</Filter>
    </ClCompile>
    <ClCompile Include="logger.cpp">
      <Filter>소스 파일</Filter>
    </ClCompile>
    <ClCompile Include="parse\connect_parts.cpp">
      <Filter>소스 파일</Filter>
    </ClCompile>
    <ClCompile Include="parse\find_peaks.cpp">
      <Filter>소스 파일</Filter>
    </ClCompile>
    <ClCompile Include="parse\munkres.cpp">
      <Filter>소스 파일</Filter>
    </ClCompile>
    <ClCompile Include="parse\paf_score_graph.cpp">
      <Filter>소스 파일</Filter>
    </ClCompile>
    <ClCompile Include="parse\refine_peaks.cpp">
      <Filter>소스 파일</Filter>
    </ClCompile>
    <ClCompile Include="Openpose.cpp">
      <Filter>소스 파일</Filter>
    </ClCompile>
    <ClCompile Include="TensorrtPoseNet.cpp">
      <Filter>소스 파일</Filter>
    </ClCompile>
    <ClCompile Include="E:\Projects\trt_pose-master\trt_pose\parse\connect_parts.cpp">
      <Filter>소스 파일</Filter>
    </ClCompile>
    <ClCompile Include="E:\Projects\trt_pose-master\trt_pose\parse\find_peaks.cpp">
      <Filter>소스 파일</Filter>
    </ClCompile>
    <ClCompile Include="E:\Projects\trt_pose-master\trt_pose\parse\munkres.cpp">
      <Filter>소스 파일</Filter>
    </ClCompile>
    <ClCompile Include="E:\Projects\trt_pose-master\trt_pose\parse\paf_score_graph.cpp">
      <Filter>소스 파일</Filter>
    </ClCompile>
    <ClCompile Include="E:\Projects\trt_pose-master\trt_pose\parse\refine_peaks.cpp">
      <Filter>소스 파일</Filter>
    </ClCompile>
  </ItemGroup>
  <ItemGroup>
    <CudaCompile Include="resize.cu" />
  </ItemGroup>
</Project>